
Microsoft Visual Studio Solution File, Format Version 12.00
# Visual Studio Version 17
VisualStudioVersion = 17.14.36915.13 d17.14
MinimumVisualStudioVersion = 10.0.40219.1
Project("{FAE04EC0-301F-11D3-BF4B-00C04F79EFBC}") = "TesteEnumeration001", "TesteEnumeration001\TesteEnumeration001.csproj", "{BCCD5BB4-441A-4042-A554-214821B8472A}"
EndProject
Global
	GlobalSection(SolutionConfigurationPlatforms) = preSolution
		Debug|Any CPU = Debug|Any CPU
		Release|Any CPU = Release|Any CPU
	EndGlobalSection
	GlobalSection(ProjectConfigurationPlatforms) = postSolution
		{BCCD5BB4-441A-4042-A554-214821B8472A}.Debug|Any CPU.ActiveCfg = Debug|Any CPU
		{BCCD5BB4-441A-4042-A554-214821B8472A}.Debug|Any CPU.Build.0 = Debug|Any CPU
		{BCCD5BB4-441A-4042-A554-214821B8472A}.Release|Any CPU.ActiveCfg = Release|Any CPU
		{BCCD5BB4-441A-4042-A554-214821B8472A}.Release|Any CPU.Build.0 = Release|Any CPU
	EndGlobalSection
	GlobalSection(SolutionProperties) = preSolution
		HideSolutionNode = FALSE
	EndGlobalSection
	GlobalSection(ExtensibilityGlobals) = postSolution
		SolutionGuid = {536FF13E-553E-4122-8F0A-EBB3D5BBA28A}
	EndGlobalSection
EndGlobal
