
Microsoft Visual Studio Solution File, Format Version 12.00
# Visual Studio Version 17
VisualStudioVersion = 17.14.36401.2 d17.14
MinimumVisualStudioVersion = 10.0.40219.1
Project("{FAE04EC0-301F-11D3-BF4B-00C04F79EFBC}") = "AulaVet002", "AulaVet002\AulaVet002.csproj", "{61FB9197-53FF-4406-8723-0D33D4271D50}"
EndProject
Global
	GlobalSection(SolutionConfigurationPlatforms) = preSolution
		Debug|Any CPU = Debug|Any CPU
		Release|Any CPU = Release|Any CPU
	EndGlobalSection
	GlobalSection(ProjectConfigurationPlatforms) = postSolution
		{61FB9197-53FF-4406-8723-0D33D4271D50}.Debug|Any CPU.ActiveCfg = Debug|Any CPU
		{61FB9197-53FF-4406-8723-0D33D4271D50}.Debug|Any CPU.Build.0 = Debug|Any CPU
		{61FB9197-53FF-4406-8723-0D33D4271D50}.Release|Any CPU.ActiveCfg = Release|Any CPU
		{61FB9197-53FF-4406-8723-0D33D4271D50}.Release|Any CPU.Build.0 = Release|Any CPU
	EndGlobalSection
	GlobalSection(SolutionProperties) = preSolution
		HideSolutionNode = FALSE
	EndGlobalSection
	GlobalSection(ExtensibilityGlobals) = postSolution
		SolutionGuid = {5389F081-6B62-4209-896A-AF80E31C07A6}
	EndGlobalSection
EndGlobal
