
Microsoft Visual Studio Solution File, Format Version 12.00
# Visual Studio Version 17
VisualStudioVersion = 17.14.36930.0 d17.14
MinimumVisualStudioVersion = 10.0.40219.1
Project("{FAE04EC0-301F-11D3-BF4B-00C04F79EFBC}") = "Collections001", "Collections001\Collections001.csproj", "{0C8517F7-D02A-40B4-9705-83E2EA27E257}"
EndProject
Global
	GlobalSection(SolutionConfigurationPlatforms) = preSolution
		Debug|Any CPU = Debug|Any CPU
		Release|Any CPU = Release|Any CPU
	EndGlobalSection
	GlobalSection(ProjectConfigurationPlatforms) = postSolution
		{0C8517F7-D02A-40B4-9705-83E2EA27E257}.Debug|Any CPU.ActiveCfg = Debug|Any CPU
		{0C8517F7-D02A-40B4-9705-83E2EA27E257}.Debug|Any CPU.Build.0 = Debug|Any CPU
		{0C8517F7-D02A-40B4-9705-83E2EA27E257}.Release|Any CPU.ActiveCfg = Release|Any CPU
		{0C8517F7-D02A-40B4-9705-83E2EA27E257}.Release|Any CPU.Build.0 = Release|Any CPU
	EndGlobalSection
	GlobalSection(SolutionProperties) = preSolution
		HideSolutionNode = FALSE
	EndGlobalSection
	GlobalSection(ExtensibilityGlobals) = postSolution
		SolutionGuid = {131EAC66-A81E-481B-9C14-A7BF1CBF8F5E}
	EndGlobalSection
EndGlobal
