
Microsoft Visual Studio Solution File, Format Version 12.00
# Visual Studio Version 17
VisualStudioVersion = 17.14.36915.13 d17.14
MinimumVisualStudioVersion = 10.0.40219.1
Project("{FAE04EC0-301F-11D3-BF4B-00C04F79EFBC}") = "Modulo08EnumAula001", "Modulo08EnumAula001\Modulo08EnumAula001.csproj", "{F4D1F30D-ED55-45FD-86AD-D5581B59F5C8}"
EndProject
Global
	GlobalSection(SolutionConfigurationPlatforms) = preSolution
		Debug|Any CPU = Debug|Any CPU
		Release|Any CPU = Release|Any CPU
	EndGlobalSection
	GlobalSection(ProjectConfigurationPlatforms) = postSolution
		{F4D1F30D-ED55-45FD-86AD-D5581B59F5C8}.Debug|Any CPU.ActiveCfg = Debug|Any CPU
		{F4D1F30D-ED55-45FD-86AD-D5581B59F5C8}.Debug|Any CPU.Build.0 = Debug|Any CPU
		{F4D1F30D-ED55-45FD-86AD-D5581B59F5C8}.Release|Any CPU.ActiveCfg = Release|Any CPU
		{F4D1F30D-ED55-45FD-86AD-D5581B59F5C8}.Release|Any CPU.Build.0 = Release|Any CPU
	EndGlobalSection
	GlobalSection(SolutionProperties) = preSolution
		HideSolutionNode = FALSE
	EndGlobalSection
	GlobalSection(ExtensibilityGlobals) = postSolution
		SolutionGuid = {4E62AD9E-5F1D-4BC4-810B-9590F86F365E}
	EndGlobalSection
EndGlobal
