
Microsoft Visual Studio Solution File, Format Version 12.00
# Visual Studio Version 17
VisualStudioVersion = 17.14.36401.2 d17.14
MinimumVisualStudioVersion = 10.0.40219.1
Project("{FAE04EC0-301F-11D3-BF4B-00C04F79EFBC}") = "Exercicio2While", "Exercicio2While\Exercicio2While.csproj", "{9724EBC5-1C9E-4734-991B-8946FDCCFAFB}"
EndProject
Global
	GlobalSection(SolutionConfigurationPlatforms) = preSolution
		Debug|Any CPU = Debug|Any CPU
		Release|Any CPU = Release|Any CPU
	EndGlobalSection
	GlobalSection(ProjectConfigurationPlatforms) = postSolution
		{9724EBC5-1C9E-4734-991B-8946FDCCFAFB}.Debug|Any CPU.ActiveCfg = Debug|Any CPU
		{9724EBC5-1C9E-4734-991B-8946FDCCFAFB}.Debug|Any CPU.Build.0 = Debug|Any CPU
		{9724EBC5-1C9E-4734-991B-8946FDCCFAFB}.Release|Any CPU.ActiveCfg = Release|Any CPU
		{9724EBC5-1C9E-4734-991B-8946FDCCFAFB}.Release|Any CPU.Build.0 = Release|Any CPU
	EndGlobalSection
	GlobalSection(SolutionProperties) = preSolution
		HideSolutionNode = FALSE
	EndGlobalSection
	GlobalSection(ExtensibilityGlobals) = postSolution
		SolutionGuid = {BFF39120-FD05-46E3-B024-73753638D21D}
	EndGlobalSection
EndGlobal
