
Microsoft Visual Studio Solution File, Format Version 12.00
# Visual Studio Version 17
VisualStudioVersion = 17.14.36401.2 d17.14
MinimumVisualStudioVersion = 10.0.40219.1
Project("{FAE04EC0-301F-11D3-BF4B-00C04F79EFBC}") = "Exercicio01_For", "Exercicio01_For\Exercicio01_For.csproj", "{1C3CF28F-F671-4824-8A4A-3CC1D1AF9043}"
EndProject
Global
	GlobalSection(SolutionConfigurationPlatforms) = preSolution
		Debug|Any CPU = Debug|Any CPU
		Release|Any CPU = Release|Any CPU
	EndGlobalSection
	GlobalSection(ProjectConfigurationPlatforms) = postSolution
		{1C3CF28F-F671-4824-8A4A-3CC1D1AF9043}.Debug|Any CPU.ActiveCfg = Debug|Any CPU
		{1C3CF28F-F671-4824-8A4A-3CC1D1AF9043}.Debug|Any CPU.Build.0 = Debug|Any CPU
		{1C3CF28F-F671-4824-8A4A-3CC1D1AF9043}.Release|Any CPU.ActiveCfg = Release|Any CPU
		{1C3CF28F-F671-4824-8A4A-3CC1D1AF9043}.Release|Any CPU.Build.0 = Release|Any CPU
	EndGlobalSection
	GlobalSection(SolutionProperties) = preSolution
		HideSolutionNode = FALSE
	EndGlobalSection
	GlobalSection(ExtensibilityGlobals) = postSolution
		SolutionGuid = {97618A25-0AD6-4BE1-A0D5-090BD5AA4374}
	EndGlobalSection
EndGlobal
