
Microsoft Visual Studio Solution File, Format Version 12.00
# Visual Studio Version 17
VisualStudioVersion = 17.14.36401.2 d17.14
MinimumVisualStudioVersion = 10.0.40219.1
Project("{FAE04EC0-301F-11D3-BF4B-00C04F79EFBC}") = "Exercicio2_For", "Exercicio2_For\Exercicio2_For.csproj", "{F8B8CB3D-90C7-43C9-9320-04DAEA5C2F2B}"
EndProject
Global
	GlobalSection(SolutionConfigurationPlatforms) = preSolution
		Debug|Any CPU = Debug|Any CPU
		Release|Any CPU = Release|Any CPU
	EndGlobalSection
	GlobalSection(ProjectConfigurationPlatforms) = postSolution
		{F8B8CB3D-90C7-43C9-9320-04DAEA5C2F2B}.Debug|Any CPU.ActiveCfg = Debug|Any CPU
		{F8B8CB3D-90C7-43C9-9320-04DAEA5C2F2B}.Debug|Any CPU.Build.0 = Debug|Any CPU
		{F8B8CB3D-90C7-43C9-9320-04DAEA5C2F2B}.Release|Any CPU.ActiveCfg = Release|Any CPU
		{F8B8CB3D-90C7-43C9-9320-04DAEA5C2F2B}.Release|Any CPU.Build.0 = Release|Any CPU
	EndGlobalSection
	GlobalSection(SolutionProperties) = preSolution
		HideSolutionNode = FALSE
	EndGlobalSection
	GlobalSection(ExtensibilityGlobals) = postSolution
		SolutionGuid = {33B2E220-4EDA-4E79-AAEF-CF6CA1505573}
	EndGlobalSection
EndGlobal
