
Microsoft Visual Studio Solution File, Format Version 12.00
# Visual Studio Version 17
VisualStudioVersion = 17.14.36915.13 d17.14
MinimumVisualStudioVersion = 10.0.40219.1
Project("{FAE04EC0-301F-11D3-BF4B-00C04F79EFBC}") = "ExercicioCriaPedido", "ExercicioCriaPedido\ExercicioCriaPedido.csproj", "{BFB3DBEE-5B1B-4718-BD45-2E99C6173DA8}"
EndProject
Global
	GlobalSection(SolutionConfigurationPlatforms) = preSolution
		Debug|Any CPU = Debug|Any CPU
		Release|Any CPU = Release|Any CPU
	EndGlobalSection
	GlobalSection(ProjectConfigurationPlatforms) = postSolution
		{BFB3DBEE-5B1B-4718-BD45-2E99C6173DA8}.Debug|Any CPU.ActiveCfg = Debug|Any CPU
		{BFB3DBEE-5B1B-4718-BD45-2E99C6173DA8}.Debug|Any CPU.Build.0 = Debug|Any CPU
		{BFB3DBEE-5B1B-4718-BD45-2E99C6173DA8}.Release|Any CPU.ActiveCfg = Release|Any CPU
		{BFB3DBEE-5B1B-4718-BD45-2E99C6173DA8}.Release|Any CPU.Build.0 = Release|Any CPU
	EndGlobalSection
	GlobalSection(SolutionProperties) = preSolution
		HideSolutionNode = FALSE
	EndGlobalSection
	GlobalSection(ExtensibilityGlobals) = postSolution
		SolutionGuid = {DADBDAAC-0C2D-4577-B838-43B678237D23}
	EndGlobalSection
EndGlobal
