
Microsoft Visual Studio Solution File, Format Version 12.00
# Visual Studio Version 17
VisualStudioVersion = 17.14.36401.2 d17.14
MinimumVisualStudioVersion = 10.0.40219.1
Project("{FAE04EC0-301F-11D3-BF4B-00C04F79EFBC}") = "Aula02Lpoo", "Aula02Lpoo\Aula02Lpoo.csproj", "{1735149F-38B3-4AB1-9E93-D7CFF8BEDA16}"
EndProject
Global
	GlobalSection(SolutionConfigurationPlatforms) = preSolution
		Debug|Any CPU = Debug|Any CPU
		Release|Any CPU = Release|Any CPU
	EndGlobalSection
	GlobalSection(ProjectConfigurationPlatforms) = postSolution
		{1735149F-38B3-4AB1-9E93-D7CFF8BEDA16}.Debug|Any CPU.ActiveCfg = Debug|Any CPU
		{1735149F-38B3-4AB1-9E93-D7CFF8BEDA16}.Debug|Any CPU.Build.0 = Debug|Any CPU
		{1735149F-38B3-4AB1-9E93-D7CFF8BEDA16}.Release|Any CPU.ActiveCfg = Release|Any CPU
		{1735149F-38B3-4AB1-9E93-D7CFF8BEDA16}.Release|Any CPU.Build.0 = Release|Any CPU
	EndGlobalSection
	GlobalSection(SolutionProperties) = preSolution
		HideSolutionNode = FALSE
	EndGlobalSection
	GlobalSection(ExtensibilityGlobals) = postSolution
		SolutionGuid = {BEC87E69-9D39-429F-8B08-08E208114D9A}
	EndGlobalSection
EndGlobal
