
Microsoft Visual Studio Solution File, Format Version 12.00
# Visual Studio Version 17
VisualStudioVersion = 17.14.36401.2 d17.14
MinimumVisualStudioVersion = 10.0.40219.1
Project("{FAE04EC0-301F-11D3-BF4B-00C04F79EFBC}") = "ExercicioFix02Lpoo", "ExercicioFix02Lpoo\ExercicioFix02Lpoo.csproj", "{6008AC55-AA58-4655-8A1C-BE193540EF6A}"
EndProject
Global
	GlobalSection(SolutionConfigurationPlatforms) = preSolution
		Debug|Any CPU = Debug|Any CPU
		Release|Any CPU = Release|Any CPU
	EndGlobalSection
	GlobalSection(ProjectConfigurationPlatforms) = postSolution
		{6008AC55-AA58-4655-8A1C-BE193540EF6A}.Debug|Any CPU.ActiveCfg = Debug|Any CPU
		{6008AC55-AA58-4655-8A1C-BE193540EF6A}.Debug|Any CPU.Build.0 = Debug|Any CPU
		{6008AC55-AA58-4655-8A1C-BE193540EF6A}.Release|Any CPU.ActiveCfg = Release|Any CPU
		{6008AC55-AA58-4655-8A1C-BE193540EF6A}.Release|Any CPU.Build.0 = Release|Any CPU
	EndGlobalSection
	GlobalSection(SolutionProperties) = preSolution
		HideSolutionNode = FALSE
	EndGlobalSection
	GlobalSection(ExtensibilityGlobals) = postSolution
		SolutionGuid = {D13B80CB-63B2-4615-9261-56B6ACDF03C4}
	EndGlobalSection
EndGlobal
