
Microsoft Visual Studio Solution File, Format Version 12.00
# Visual Studio Version 17
VisualStudioVersion = 17.14.36930.0 d17.14
MinimumVisualStudioVersion = 10.0.40219.1
Project("{FAE04EC0-301F-11D3-BF4B-00C04F79EFBC}") = "InterfaceExercicioTest", "InterfaceExercicioTest\InterfaceExercicioTest.csproj", "{6393A7C1-B746-4D8C-8423-F96FD200BB86}"
EndProject
Global
	GlobalSection(SolutionConfigurationPlatforms) = preSolution
		Debug|Any CPU = Debug|Any CPU
		Release|Any CPU = Release|Any CPU
	EndGlobalSection
	GlobalSection(ProjectConfigurationPlatforms) = postSolution
		{6393A7C1-B746-4D8C-8423-F96FD200BB86}.Debug|Any CPU.ActiveCfg = Debug|Any CPU
		{6393A7C1-B746-4D8C-8423-F96FD200BB86}.Debug|Any CPU.Build.0 = Debug|Any CPU
		{6393A7C1-B746-4D8C-8423-F96FD200BB86}.Release|Any CPU.ActiveCfg = Release|Any CPU
		{6393A7C1-B746-4D8C-8423-F96FD200BB86}.Release|Any CPU.Build.0 = Release|Any CPU
	EndGlobalSection
	GlobalSection(SolutionProperties) = preSolution
		HideSolutionNode = FALSE
	EndGlobalSection
	GlobalSection(ExtensibilityGlobals) = postSolution
		SolutionGuid = {E6CB60D3-0AA8-480D-8F1C-93A42C431308}
	EndGlobalSection
EndGlobal
